
Microsoft Visual Studio Solution File, Format Version 12.00
# Visual Studio Version 17
VisualStudioVersion = 17.1.32407.343
MinimumVisualStudioVersion = 10.0.40219.1
Project("{FAE04EC0-301F-11D3-BF4B-00C04F79EFBC}") = "WebStack", "WebStack\WebStack.csproj", "{F2FD6405-FA31-48CD-82E8-15FC7F440016}"
	ProjectSection(ProjectDependencies) = postProject
		{F4FADBFE-69B1-4E23-9C04-79ECF96ADABC} = {F4FADBFE-69B1-4E23-9C04-79ECF96ADABC}
	EndProjectSection
EndProject
Project("{FAE04EC0-301F-11D3-BF4B-00C04F79EFBC}") = "WebStackServerApp", "WebStackServerApp\WebStackServerApp.csproj", "{F4FADBFE-69B1-4E23-9C04-79ECF96ADABC}"
EndProject
Global
	GlobalSection(SolutionConfigurationPlatforms) = preSolution
		Debug|Any CPU = Debug|Any CPU
		Release|Any CPU = Release|Any CPU
	EndGlobalSection
	GlobalSection(ProjectConfigurationPlatforms) = postSolution
		{F2FD6405-FA31-48CD-82E8-15FC7F440016}.Debug|Any CPU.ActiveCfg = Debug|Any CPU
		{F2FD6405-FA31-48CD-82E8-15FC7F440016}.Debug|Any CPU.Build.0 = Debug|Any CPU
		{F2FD6405-FA31-48CD-82E8-15FC7F440016}.Release|Any CPU.ActiveCfg = Release|Any CPU
		{F2FD6405-FA31-48CD-82E8-15FC7F440016}.Release|Any CPU.Build.0 = Release|Any CPU
		{F4FADBFE-69B1-4E23-9C04-79ECF96ADABC}.Debug|Any CPU.ActiveCfg = Debug|Any CPU
		{F4FADBFE-69B1-4E23-9C04-79ECF96ADABC}.Debug|Any CPU.Build.0 = Debug|Any CPU
		{F4FADBFE-69B1-4E23-9C04-79ECF96ADABC}.Release|Any CPU.ActiveCfg = Release|Any CPU
		{F4FADBFE-69B1-4E23-9C04-79ECF96ADABC}.Release|Any CPU.Build.0 = Release|Any CPU
	EndGlobalSection
	GlobalSection(SolutionProperties) = preSolution
		HideSolutionNode = FALSE
	EndGlobalSection
	GlobalSection(ExtensibilityGlobals) = postSolution
		SolutionGuid = {91204E31-58D5-4A84-9559-647999655DDE}
	EndGlobalSection
EndGlobal
